
Microsoft Visual Studio Solution File, Format Version 11.00
# Visual Studio 2010
Project("{8BC9CEB8-8B4A-11D0-8D11-00A0C91BC942}") = "Resoruse_Editor", "Resoruse_Editor\Resoruse_Editor.vcxproj", "{E47BD470-62EF-4161-8B80-3E0803DF2472}"
EndProject
Global
	GlobalSection(SolutionConfigurationPlatforms) = preSolution
		Debug|Win32 = Debug|Win32
		Release|Win32 = Release|Win32
	EndGlobalSection
	GlobalSection(ProjectConfigurationPlatforms) = postSolution
		{E47BD470-62EF-4161-8B80-3E0803DF2472}.Debug|Win32.ActiveCfg = Debug|Win32
		{E47BD470-62EF-4161-8B80-3E0803DF2472}.Debug|Win32.Build.0 = Debug|Win32
		{E47BD470-62EF-4161-8B80-3E0803DF2472}.Release|Win32.ActiveCfg = Release|Win32
		{E47BD470-62EF-4161-8B80-3E0803DF2472}.Release|Win32.Build.0 = Release|Win32
	EndGlobalSection
	GlobalSection(SolutionProperties) = preSolution
		HideSolutionNode = FALSE
	EndGlobalSection
EndGlobal
