<?xml version="1.0" encoding="utf-8"?>
<Project ToolsVersion="4.0" xmlns="http://schemas.microsoft.com/developer/msbuild/2003">
  <ItemGroup>
    <Filter Include="Main">
      <UniqueIdentifier>{4FC737F1-C7A5-4376-A066-2A32D752A2FF}</UniqueIdentifier>
      <Extensions>cpp;c;cc;cxx;def;odl;idl;hpj;bat;asm;asmx</Extensions>
    </Filter>
    <Filter Include="GUI">
      <UniqueIdentifier>{93995380-89BD-4b04-88EB-625FBE52EBFB}</UniqueIdentifier>
      <Extensions>h;hpp;hxx;hm;inl;inc;xsd</Extensions>
    </Filter>
    <Filter Include="Rendering">
      <UniqueIdentifier>{67DA6AB6-F800-4c08-8B7A-83BB121AAD01}</UniqueIdentifier>
      <Extensions>rc;ico;cur;bmp;dlg;rc2;rct;bin;rgs;gif;jpg;jpeg;jpe;resx;tiff;tif;png;wav;mfcribbon-ms</Extensions>
    </Filter>
    <Filter Include="Rendering\Cameras">
      <UniqueIdentifier>{9a5bdc66-1914-4555-878b-4933c445d4cc}</UniqueIdentifier>
    </Filter>
  </ItemGroup>
  <ItemGroup>
    <ClCompile Include="CAssetManager.cpp">
      <Filter>Main</Filter>
    </ClCompile>
    <ClCompile Include="CGameWin.cpp">
      <Filter>Main</Filter>
    </ClCompile>
    <ClCompile Include="CTimer.cpp">
      <Filter>Main</Filter>
    </ClCompile>
    <ClCompile Include="main.cpp">
      <Filter>Main</Filter>
    </ClCompile>
    <ClCompile Include="GUI\CButtonUI.cpp">
      <Filter>GUI</Filter>
    </ClCompile>
    <ClCompile Include="GUI\CCheckboxUI.cpp">
      <Filter>GUI</Filter>
    </ClCompile>
    <ClCompile Include="GUI\CComboBoxUI.cpp">
      <Filter>GUI</Filter>
    </ClCompile>
    <ClCompile Include="GUI\CControlUI.cpp">
      <Filter>GUI</Filter>
    </ClCompile>
    <ClCompile Include="GUI\CDialogUI.cpp">
      <Filter>GUI</Filter>
    </ClCompile>
    <ClCompile Include="GUI\CEditBoxUI.cpp">
      <Filter>GUI</Filter>
    </ClCompile>
    <ClCompile Include="GUI\CListBoxUI.cpp">
      <Filter>GUI</Filter>
    </ClCompile>
    <ClCompile Include="GUI\CRadioButtonUI.cpp">
      <Filter>GUI</Filter>
    </ClCompile>
    <ClCompile Include="GUI\CScrollBarUI.cpp">
      <Filter>GUI</Filter>
    </ClCompile>
    <ClCompile Include="GUI\CSliderUI.cpp">
      <Filter>GUI</Filter>
    </ClCompile>
    <ClCompile Include="GUI\CStaticUI.cpp">
      <Filter>GUI</Filter>
    </ClCompile>
    <ClCompile Include="rendering\CLight.cpp">
      <Filter>Rendering</Filter>
    </ClCompile>
    <ClCompile Include="rendering\CMyMesh.cpp">
      <Filter>Rendering</Filter>
    </ClCompile>
    <ClCompile Include="rendering\CMyObject.cpp">
      <Filter>Rendering</Filter>
    </ClCompile>
    <ClCompile Include="rendering\CMySprite.cpp">
      <Filter>Rendering</Filter>
    </ClCompile>
    <ClCompile Include="rendering\CTerrain.cpp">
      <Filter>Rendering</Filter>
    </ClCompile>
    <ClCompile Include="rendering\d3d.cpp">
      <Filter>Rendering</Filter>
    </ClCompile>
    <ClCompile Include="rendering\renderTypes.cpp">
      <Filter>Rendering</Filter>
    </ClCompile>
    <ClCompile Include="rendering\CCam1stPerson.cpp">
      <Filter>Rendering\Cameras</Filter>
    </ClCompile>
    <ClCompile Include="rendering\CCam3rdPerson.cpp">
      <Filter>Rendering\Cameras</Filter>
    </ClCompile>
    <ClCompile Include="rendering\CCamera.cpp">
      <Filter>Rendering\Cameras</Filter>
    </ClCompile>
    <ClCompile Include="rendering\CCamSpaceCraft.cpp">
      <Filter>Rendering\Cameras</Filter>
    </ClCompile>
  </ItemGroup>
  <ItemGroup>
    <ClInclude Include="CAssetManager.h">
      <Filter>Main</Filter>
    </ClInclude>
    <ClInclude Include="CGameWin.h">
      <Filter>Main</Filter>
    </ClInclude>
    <ClInclude Include="CTimer.h">
      <Filter>Main</Filter>
    </ClInclude>
    <ClInclude Include="main.h">
      <Filter>Main</Filter>
    </ClInclude>
    <ClInclude Include="GUI\CButtonUI.h">
      <Filter>GUI</Filter>
    </ClInclude>
    <ClInclude Include="GUI\CCheckboxUI.h">
      <Filter>GUI</Filter>
    </ClInclude>
    <ClInclude Include="GUI\CComboBoxUI.h">
      <Filter>GUI</Filter>
    </ClInclude>
    <ClInclude Include="GUI\CControlUI.h">
      <Filter>GUI</Filter>
    </ClInclude>
    <ClInclude Include="GUI\CDialogUI.h">
      <Filter>GUI</Filter>
    </ClInclude>
    <ClInclude Include="GUI\CEditBoxUI.h">
      <Filter>GUI</Filter>
    </ClInclude>
    <ClInclude Include="GUI\CListBoxUI.h">
      <Filter>GUI</Filter>
    </ClInclude>
    <ClInclude Include="GUI\CRadioButtonUI.h">
      <Filter>GUI</Filter>
    </ClInclude>
    <ClInclude Include="GUI\CScrollBarUI.h">
      <Filter>GUI</Filter>
    </ClInclude>
    <ClInclude Include="GUI\CSliderUI.h">
      <Filter>GUI</Filter>
    </ClInclude>
    <ClInclude Include="GUI\CStaticUI.h">
      <Filter>GUI</Filter>
    </ClInclude>
    <ClInclude Include="rendering\CLight.h">
      <Filter>Rendering</Filter>
    </ClInclude>
    <ClInclude Include="rendering\CMyMesh.h">
      <Filter>Rendering</Filter>
    </ClInclude>
    <ClInclude Include="rendering\CMyObject.h">
      <Filter>Rendering</Filter>
    </ClInclude>
    <ClInclude Include="rendering\CMySprite.h">
      <Filter>Rendering</Filter>
    </ClInclude>
    <ClInclude Include="rendering\CMyVertex.h">
      <Filter>Rendering</Filter>
    </ClInclude>
    <ClInclude Include="rendering\CTerrain.h">
      <Filter>Rendering</Filter>
    </ClInclude>
    <ClInclude Include="rendering\d3d.h">
      <Filter>Rendering</Filter>
    </ClInclude>
    <ClInclude Include="rendering\renderTypes.h">
      <Filter>Rendering</Filter>
    </ClInclude>
    <ClInclude Include="rendering\Cameras.h">
      <Filter>Rendering\Cameras</Filter>
    </ClInclude>
    <ClInclude Include="rendering\CCam1stPerson.h">
      <Filter>Rendering\Cameras</Filter>
    </ClInclude>
    <ClInclude Include="rendering\CCam3rdPerson.h">
      <Filter>Rendering\Cameras</Filter>
    </ClInclude>
    <ClInclude Include="rendering\CCamera.h">
      <Filter>Rendering\Cameras</Filter>
    </ClInclude>
    <ClInclude Include="rendering\CCamSpaceCraft.h">
      <Filter>Rendering\Cameras</Filter>
    </ClInclude>
  </ItemGroup>
</Project>